lockfileVersion: '6.0'

settings:
  autoInstallPeers: true
  excludeLinksFromLockfile: false

dependencies:
  luxon:
    specifier: ^3.6.0
    version: 3.6.0

devDependencies:
  '@types/luxon':
    specifier: ^3.4.2
    version: 3.4.2
  '@types/node':
    specifier: ^22.13.16
    version: 22.13.16
  typescript:
    specifier: ^5.8.2
    version: 5.8.2

packages:

  /@types/luxon@3.4.2:
    resolution: {integrity: sha512-TifLZlFudklWlMBfhubvgqTXRzLDI5pCbGa4P8a3wPyUQSW+1xQ5eDsreP9DWHX3tjq1ke96uYG/nwundroWcA==}
    dev: true

  /@types/node@22.13.16:
    resolution: {integrity: sha512-15tM+qA4Ypml/N7kyRdvfRjBQT2RL461uF1Bldn06K0Nzn1lY3nAPgHlsVrJxdZ9WhZiW0Fmc1lOYMtDsAuB3w==}
    dependencies:
      undici-types: 6.20.0
    dev: true

  /luxon@3.6.0:
    resolution: {integrity: sha512-WE7p0p7W1xji9qxkLYsvcIxZyfP48GuFrWIBQZIsbjCyf65dG1rv4n83HcOyEyhvzxJCrUoObCRNFgRNIQ5KNA==}
    engines: {node: '>=12'}
    dev: false

  /typescript@5.8.2:
    resolution: {integrity: sha512-aJn6wq13/afZp/jT9QZmwEjDqqvSGp1VT5GVg+f/t6/oVyrgXM6BY1h9BRh/O5p3PlUPAe+WuiEZOmb/49RqoQ==}
    engines: {node: '>=14.17'}
    hasBin: true
    dev: true

  /undici-types@6.20.0:
    resolution: {integrity: sha512-Ny6QZ2Nju20vw1SRHe3d9jVu6gJ+4e3+MMpqu7pqE5HT6WsTSlce++GQmK5UXS8mzV8DSYHrQH+Xrf2jVcuKNg==}
    dev: true
